
Microsoft Visual Studio Solution File, Format Version 12.00
# Visual Studio Version 16
VisualStudioVersion = 16.0.31624.102
MinimumVisualStudioVersion = 10.0.40219.1
Project("{FAE04EC0-301F-11D3-BF4B-00C04F79EFBC}") = "CourseWork", "CourseWork\CourseWork.csproj", "{B6527AB0-9588-4BE3-AC3A-DE9615C2CB45}"
EndProject
Global
	GlobalSection(SolutionConfigurationPlatforms) = preSolution
		Debug|Any CPU = Debug|Any CPU
		Release|Any CPU = Release|Any CPU
	EndGlobalSection
	GlobalSection(ProjectConfigurationPlatforms) = postSolution
		{B6527AB0-9588-4BE3-AC3A-DE9615C2CB45}.Debug|Any CPU.ActiveCfg = Debug|Any CPU
		{B6527AB0-9588-4BE3-AC3A-DE9615C2CB45}.Debug|Any CPU.Build.0 = Debug|Any CPU
		{B6527AB0-9588-4BE3-AC3A-DE9615C2CB45}.Release|Any CPU.ActiveCfg = Release|Any CPU
		{B6527AB0-9588-4BE3-AC3A-DE9615C2CB45}.Release|Any CPU.Build.0 = Release|Any CPU
	EndGlobalSection
	GlobalSection(SolutionProperties) = preSolution
		HideSolutionNode = FALSE
	EndGlobalSection
	GlobalSection(ExtensibilityGlobals) = postSolution
		SolutionGuid = {97CE769B-4F6B-424A-B7EF-EED8D44A165E}
	EndGlobalSection
EndGlobal
